
Microsoft Visual Studio Solution File, Format Version 12.00
# Visual Studio 15
VisualStudioVersion = 15.0.28307.539
MinimumVisualStudioVersion = 10.0.40219.1
Project("{FAE04EC0-301F-11D3-BF4B-00C04F79EFBC}") = "B19 Ex02_Othelo", "B19 Ex02_Othelo\B19 Ex02_Othelo.csproj", "{FB728DE4-A45A-4CF4-988B-8D01920C16BD}"
EndProject
Global
	GlobalSection(SolutionConfigurationPlatforms) = preSolution
		Debug|Any CPU = Debug|Any CPU
		Release|Any CPU = Release|Any CPU
	EndGlobalSection
	GlobalSection(ProjectConfigurationPlatforms) = postSolution
		{FB728DE4-A45A-4CF4-988B-8D01920C16BD}.Debug|Any CPU.ActiveCfg = Debug|Any CPU
		{FB728DE4-A45A-4CF4-988B-8D01920C16BD}.Debug|Any CPU.Build.0 = Debug|Any CPU
		{FB728DE4-A45A-4CF4-988B-8D01920C16BD}.Release|Any CPU.ActiveCfg = Release|Any CPU
		{FB728DE4-A45A-4CF4-988B-8D01920C16BD}.Release|Any CPU.Build.0 = Release|Any CPU
	EndGlobalSection
	GlobalSection(SolutionProperties) = preSolution
		HideSolutionNode = FALSE
	EndGlobalSection
	GlobalSection(ExtensibilityGlobals) = postSolution
		SolutionGuid = {68009AAB-B294-4270-9F69-931BA3A8A315}
	EndGlobalSection
EndGlobal
